
Microsoft Visual Studio Solution File, Format Version 12.00
# Visual Studio Version 17
VisualStudioVersion = 17.12.35527.113 d17.12
MinimumVisualStudioVersion = 10.0.40219.1
Project("{FAE04EC0-301F-11D3-BF4B-00C04F79EFBC}") = "To the moon", "To the moon\To the moon.csproj", "{B037E392-B314-45F2-8BCB-6A379473754D}"
EndProject
Global
	GlobalSection(SolutionConfigurationPlatforms) = preSolution
		Debug|Any CPU = Debug|Any CPU
		Release|Any CPU = Release|Any CPU
	EndGlobalSection
	GlobalSection(ProjectConfigurationPlatforms) = postSolution
		{B037E392-B314-45F2-8BCB-6A379473754D}.Debug|Any CPU.ActiveCfg = Debug|Any CPU
		{B037E392-B314-45F2-8BCB-6A379473754D}.Debug|Any CPU.Build.0 = Debug|Any CPU
		{B037E392-B314-45F2-8BCB-6A379473754D}.Release|Any CPU.ActiveCfg = Release|Any CPU
		{B037E392-B314-45F2-8BCB-6A379473754D}.Release|Any CPU.Build.0 = Release|Any CPU
	EndGlobalSection
	GlobalSection(SolutionProperties) = preSolution
		HideSolutionNode = FALSE
	EndGlobalSection
EndGlobal
